{
  "name": "ViewerApp",
  "lockfileVersion": 3,
  "requires": true,
  "packages": {
    "": {
      "dependencies": {
        "calculatorlib": "file:../CalculatorLib",
        "filereaderlib": "file:../FileReaderLib"
      }
    },
    "../CalculatorLib": {
      "name": "calculatorlib",
      "version": "1.0.0",
      "license": "ISC",
      "dependencies": {
        "calculator.js": "^1.0.1"
      },
      "devDependencies": {
        "jest": "^29.7.0"
      }
    },
    "../FileReaderLib": {
      "name": "filereaderlib",
      "version": "1.0.0",
      "license": "ISC",
      "devDependencies": {
        "jest": "^29.7.0"
      }
    },
    "node_modules/calculatorlib": {
      "resolved": "../CalculatorLib",
      "link": true
    },
    "node_modules/filereaderlib": {
      "resolved": "../FileReaderLib",
      "link": true
    }
  }
}
